PODS:
  - AFNetworking (2.6.3):
    - AFNetworking/NSURLConnection (= 2.6.3)
    - AFNetworking/NSURLSession (= 2.6.3)
    - AFNetworking/Reachability (= 2.6.3)
    - AFNetworking/Security (= 2.6.3)
    - AFNetworking/Serialization (= 2.6.3)
    - AFNetworking/UIKit (= 2.6.3)
  - AFNetworking/NSURLConnection (2.6.3):
    - AFNetworking/Reachability
    - AFNetworking/Security
    - AFNetworking/Serialization
  - AFNetworking/NSURLSession (2.6.3):
    - AFNetworking/Reachability
    - AFNetworking/Security
    - AFNetworking/Serialization
  - AFNetworking/Reachability (2.6.3)
  - AFNetworking/Security (2.6.3)
  - AFNetworking/Serialization (2.6.3)
  - AFNetworking/UIKit (2.6.3):
    - AFNetworking/NSURLConnection
    - AFNetworking/NSURLSession
  - ICViewPager (1.5.1)
  - Masonry (0.6.4)
  - MJExtension (2.5.16)
  - MJRefresh (2.4.12)
  - RDVTabBarController (1.1.9)
  - SDWebImage (3.7.6):
    - SDWebImage/Core (= 3.7.6)
  - SDWebImage/Core (3.7.6)

DEPENDENCIES:
  - AFNetworking (~> 2.6.3)
  - ICViewPager (~> 1.5.1)
  - Masonry (~> 0.6.3)
  - MJExtension (~> 2.5.12)
  - MJRefresh (~> 2.4.12)
  - RDVTabBarController (~> 1.1.9)
  - SDWebImage (~> 3.7.3)

SPEC CHECKSUMS:
  AFNetworking: cb8d14a848e831097108418f5d49217339d4eb60
  ICViewPager: 032dc71a50fe898e185fae6112ded4bed0e0523c
  Masonry: 281802d04d787ea2973179ee8bcb50500579ede2
  MJExtension: b8c1321a77d91bcc007b94d38cbf5383c95ea30e
  MJRefresh: ca8e9589895977df32d379d46e6b8a5450b3ff44
  RDVTabBarController: 67794f7a7a37f8e32f046f85ac67d06ab92d624a
  SDWebImage: c325cf02c30337336b95beff20a13df489ec0ec9

COCOAPODS: 0.39.0
