// !$*UTF8*$!
{
	archiveVersion = 1;
	classes = {
	};
	objectVersion = 46;
	objects = {

/* Begin PBXBuildFile section */
		5F254C4A1DB0681E00DA5255 /* main.m in Sources */ = {isa = PBXBuildFile; fileRef = 5F254C491DB0681E00DA5255 /* main.m */; };
		5F254C4D1DB0681E00DA5255 /* AppDelegate.m in Sources */ = {isa = PBXBuildFile; fileRef = 5F254C4C1DB0681E00DA5255 /* AppDelegate.m */; };
		5F254C501DB0681E00DA5255 /* ViewController.m in Sources */ = {isa = PBXBuildFile; fileRef = 5F254C4F1DB0681E00DA5255 /* ViewController.m */; };
		5F254C531DB0681E00DA5255 /* Main.storyboard in Resources */ = {isa = PBXBuildFile; fileRef = 5F254C511DB0681E00DA5255 /* Main.storyboard */; };
		5F254C551DB0681E00DA5255 /* Assets.xcassets in Resources */ = {isa = PBXBuildFile; fileRef = 5F254C541DB0681E00DA5255 /* Assets.xcassets */; };
		5F254C581DB0681E00DA5255 /* LaunchScreen.storyboard in Resources */ = {isa = PBXBuildFile; fileRef = 5F254C561DB0681E00DA5255 /* LaunchScreen.storyboard */; };
		5F254C631DB0681E00DA5255 /* iOS_FFmpeg_PlayerTests.m in Sources */ = {isa = PBXBuildFile; fileRef = 5F254C621DB0681E00DA5255 /* iOS_FFmpeg_PlayerTests.m */; };
		5F254C6E1DB0681E00DA5255 /* iOS_FFmpeg_PlayerUITests.m in Sources */ = {isa = PBXBuildFile; fileRef = 5F254C6D1DB0681E00DA5255 /* iOS_FFmpeg_PlayerUITests.m */; };
/* End PBXBuildFile section */

/* Begin PBXContainerItemProxy section */
		5F254C5F1DB0681E00DA5255 /* PBXContainerItemProxy */ = {
			isa = PBXContainerItemProxy;
			containerPortal = 5F254C3D1DB0681D00DA5255 /* Project object */;
			proxyType = 1;
			remoteGlobalIDString = 5F254C441DB0681D00DA5255;
			remoteInfo = "iOS-FFmpeg-Player";
		};
		5F254C6A1DB0681E00DA5255 /* PBXContainerItemProxy */ = {
			isa = PBXContainerItemProxy;
			containerPortal = 5F254C3D1DB0681D00DA5255 /* Project object */;
			proxyType = 1;
			remoteGlobalIDString = 5F254C441DB0681D00DA5255;
			remoteInfo = "iOS-FFmpeg-Player";
		};
/* End PBXContainerItemProxy section */

/* Begin PBXFileReference section */
		5F254C451DB0681E00DA5255 /* iOS-FFmpeg-Player.app */ = {isa = PBXFileReference; explicitFileType = wrapper.application; includeInIndex = 0; path = "iOS-FFmpeg-Player.app"; sourceTree = BUILT_PRODUCTS_DIR; };
		5F254C491DB0681E00DA5255 /* main.m */ = {isa = PBXFileReference; lastKnownFileType = sourcecode.c.objc; path = main.m; sourceTree = "<group>"; };
		5F254C4B1DB0681E00DA5255 /* AppDelegate.h */ = {isa = PBXFileReference; lastKnownFileType = sourcecode.c.h; path = AppDelegate.h; sourceTree = "<group>"; };
		5F254C4C1DB0681E00DA5255 /* AppDelegate.m */ = {isa = PBXFileReference; lastKnownFileType = sourcecode.c.objc; path = AppDelegate.m; sourceTree = "<group>"; };
		5F254C4E1DB0681E00DA5255 /* ViewController.h */ = {isa = PBXFileReference; lastKnownFileType = sourcecode.c.h; path = ViewController.h; sourceTree = "<group>"; };
		5F254C4F1DB0681E00DA5255 /* ViewController.m */ = {isa = PBXFileReference; lastKnownFileType = sourcecode.c.objc; path = ViewController.m; sourceTree = "<group>"; };
		5F254C521DB0681E00DA5255 /* Base */ = {isa = PBXFileReference; lastKnownFileType = file.storyboard; name = Base; path = Base.lproj/Main.storyboard; sourceTree = "<group>"; };
		5F254C541DB0681E00DA5255 /* Assets.xcassets */ = {isa = PBXFileReference; lastKnownFileType = folder.assetcatalog; path = Assets.xcassets; sourceTree = "<group>"; };
		5F254C571DB0681E00DA5255 /* Base */ = {isa = PBXFileReference; lastKnownFileType = file.storyboard; name = Base; path = Base.lproj/LaunchScreen.storyboard; sourceTree = "<group>"; };
		5F254C591DB0681E00DA5255 /* Info.plist */ = {isa = PBXFileReference; lastKnownFileType = text.plist.xml; path = Info.plist; sourceTree = "<group>"; };
		5F254C5E1DB0681E00DA5255 /* iOS-FFmpeg-PlayerTests.xctest */ = {isa = PBXFileReference; explicitFileType = wrapper.cfbundle; includeInIndex = 0; path = "iOS-FFmpeg-PlayerTests.xctest"; sourceTree = BUILT_PRODUCTS_DIR; };
		5F254C621DB0681E00DA5255 /* iOS_FFmpeg_PlayerTests.m */ = {isa = PBXFileReference; lastKnownFileType = sourcecode.c.objc; path = iOS_FFmpeg_PlayerTests.m; sourceTree = "<group>"; };
		5F254C641DB0681E00DA5255 /* Info.plist */ = {isa = PBXFileReference; lastKnownFileType = text.plist.xml; path = Info.plist; sourceTree = "<group>"; };
		5F254C691DB0681E00DA5255 /* iOS-FFmpeg-PlayerUITests.xctest */ = {isa = PBXFileReference; explicitFileType = wrapper.cfbundle; includeInIndex = 0; path = "iOS-FFmpeg-PlayerUITests.xctest"; sourceTree = BUILT_PRODUCTS_DIR; };
		5F254C6D1DB0681E00DA5255 /* iOS_FFmpeg_PlayerUITests.m */ = {isa = PBXFileReference; lastKnownFileType = sourcecode.c.objc; path = iOS_FFmpeg_PlayerUITests.m; sourceTree = "<group>"; };
		5F254C6F1DB0681E00DA5255 /* Info.plist */ = {isa = PBXFileReference; lastKnownFileType = text.plist.xml; path = Info.plist; sourceTree = "<group>"; };
/* End PBXFileReference section */

/* Begin PBXFrameworksBuildPhase section */
		5F254C421DB0681D00DA5255 /* Frameworks */ = {
			isa = PBXFrameworksBuildPhase;
			buildActionMask = 2147483647;
			files = (
			);
			runOnlyForDeploymentPostprocessing = 0;
		};
		5F254C5B1DB0681E00DA5255 /* Frameworks */ = {
			isa = PBXFrameworksBuildPhase;
			buildActionMask = 2147483647;
			files = (
			);
			runOnlyForDeploymentPostprocessing = 0;
		};
		5F254C661DB0681E00DA5255 /* Frameworks */ = {
			isa = PBXFrameworksBuildPhase;
			buildActionMask = 2147483647;
			files = (
			);
			runOnlyForDeploymentPostprocessing = 0;
		};
/* End PBXFrameworksBuildPhase section */

/* Begin PBXGroup section */
		5F254C3C1DB0681D00DA5255 = {
			isa = PBXGroup;
			children = (
				5F254C471DB0681E00DA5255 /* iOS-FFmpeg-Player */,
				5F254C611DB0681E00DA5255 /* iOS-FFmpeg-PlayerTests */,
				5F254C6C1DB0681E00DA5255 /* iOS-FFmpeg-PlayerUITests */,
				5F254C461DB0681E00DA5255 /* Products */,
			);
			sourceTree = "<group>";
		};
		5F254C461DB0681E00DA5255 /* Products */ = {
			isa = PBXGroup;
			children = (
				5F254C451DB0681E00DA5255 /* iOS-FFmpeg-Player.app */,
				5F254C5E1DB0681E00DA5255 /* iOS-FFmpeg-PlayerTests.xctest */,
				5F254C691DB0681E00DA5255 /* iOS-FFmpeg-PlayerUITests.xctest */,
			);
			name = Products;
			sourceTree = "<group>";
		};
		5F254C471DB0681E00DA5255 /* iOS-FFmpeg-Player */ = {
			isa = PBXGroup;
			children = (
				5F254C4B1DB0681E00DA5255 /* AppDelegate.h */,
				5F254C4C1DB0681E00DA5255 /* AppDelegate.m */,
				5F254C4E1DB0681E00DA5255 /* ViewController.h */,
				5F254C4F1DB0681E00DA5255 /* ViewController.m */,
				5F254C511DB0681E00DA5255 /* Main.storyboard */,
				5F254C541DB0681E00DA5255 /* Assets.xcassets */,
				5F254C561DB0681E00DA5255 /* LaunchScreen.storyboard */,
				5F254C591DB0681E00DA5255 /* Info.plist */,
				5F254C481DB0681E00DA5255 /* Supporting Files */,
			);
			path = "iOS-FFmpeg-Player";
			sourceTree = "<group>";
		};
		5F254C481DB0681E00DA5255 /* Supporting Files */ = {
			isa = PBXGroup;
			children = (
				5F254C491DB0681E00DA5255 /* main.m */,
			);
			name = "Supporting Files";
			sourceTree = "<group>";
		};
		5F254C611DB0681E00DA5255 /* iOS-FFmpeg-PlayerTests */ = {
			isa = PBXGroup;
			children = (
				5F254C621DB0681E00DA5255 /* iOS_FFmpeg_PlayerTests.m */,
				5F254C641DB0681E00DA5255 /* Info.plist */,
			);
			path = "iOS-FFmpeg-PlayerTests";
			sourceTree = "<group>";
		};
		5F254C6C1DB0681E00DA5255 /* iOS-FFmpeg-PlayerUITests */ = {
			isa = PBXGroup;
			children = (
				5F254C6D1DB0681E00DA5255 /* iOS_FFmpeg_PlayerUITests.m */,
				5F254C6F1DB0681E00DA5255 /* Info.plist */,
			);
			path = "iOS-FFmpeg-PlayerUITests";
			sourceTree = "<group>";
		};
/* End PBXGroup section */

/* Begin PBXNativeTarget section */
		5F254C441DB0681D00DA5255 /* iOS-FFmpeg-Player */ = {
			isa = PBXNativeTarget;
			buildConfigurationList = 5F254C721DB0681E00DA5255 /* Build configuration list for PBXNativeTarget "iOS-FFmpeg-Player" */;
			buildPhases = (
				5F254C411DB0681D00DA5255 /* Sources */,
				5F254C421DB0681D00DA5255 /* Frameworks */,
				5F254C431DB0681D00DA5255 /* Resources */,
			);
			buildRules = (
			);
			dependencies = (
			);
			name = "iOS-FFmpeg-Player";
			productName = "iOS-FFmpeg-Player";
			productReference = 5F254C451DB0681E00DA5255 /* iOS-FFmpeg-Player.app */;
			productType = "com.apple.product-type.application";
		};
		5F254C5D1DB0681E00DA5255 /* iOS-FFmpeg-PlayerTests */ = {
			isa = PBXNativeTarget;
			buildConfigurationList = 5F254C751DB0681E00DA5255 /* Build configuration list for PBXNativeTarget "iOS-FFmpeg-PlayerTests" */;
			buildPhases = (
				5F254C5A1DB0681E00DA5255 /* Sources */,
				5F254C5B1DB0681E00DA5255 /* Frameworks */,
				5F254C5C1DB0681E00DA5255 /* Resources */,
			);
			buildRules = (
			);
			dependencies = (
				5F254C601DB0681E00DA5255 /* PBXTargetDependency */,
			);
			name = "iOS-FFmpeg-PlayerTests";
			productName = "iOS-FFmpeg-PlayerTests";
			productReference = 5F254C5E1DB0681E00DA5255 /* iOS-FFmpeg-PlayerTests.xctest */;
			productType = "com.apple.product-type.bundle.unit-test";
		};
		5F254C681DB0681E00DA5255 /* iOS-FFmpeg-PlayerUITests */ = {
			isa = PBXNativeTarget;
			buildConfigurationList = 5F254C781DB0681E00DA5255 /* Build configuration list for PBXNativeTarget "iOS-FFmpeg-PlayerUITests" */;
			buildPhases = (
				5F254C651DB0681E00DA5255 /* Sources */,
				5F254C661DB0681E00DA5255 /* Frameworks */,
				5F254C671DB0681E00DA5255 /* Resources */,
			);
			buildRules = (
			);
			dependencies = (
				5F254C6B1DB0681E00DA5255 /* PBXTargetDependency */,
			);
			name = "iOS-FFmpeg-PlayerUITests";
			productName = "iOS-FFmpeg-PlayerUITests";
			productReference = 5F254C691DB0681E00DA5255 /* iOS-FFmpeg-PlayerUITests.xctest */;
			productType = "com.apple.product-type.bundle.ui-testing";
		};
/* End PBXNativeTarget section */

/* Begin PBXProject section */
		5F254C3D1DB0681D00DA5255 /* Project object */ = {
			isa = PBXProject;
			attributes = {
				LastUpgradeCheck = 0800;
				ORGANIZATIONNAME = harman;
				TargetAttributes = {
					5F254C441DB0681D00DA5255 = {
						CreatedOnToolsVersion = 8.0;
						DevelopmentTeam = 9N6375B547;
						ProvisioningStyle = Automatic;
					};
					5F254C5D1DB0681E00DA5255 = {
						CreatedOnToolsVersion = 8.0;
						DevelopmentTeam = 9N6375B547;
						ProvisioningStyle = Automatic;
						TestTargetID = 5F254C441DB0681D00DA5255;
					};
					5F254C681DB0681E00DA5255 = {
						CreatedOnToolsVersion = 8.0;
						DevelopmentTeam = 9N6375B547;
						ProvisioningStyle = Automatic;
						TestTargetID = 5F254C441DB0681D00DA5255;
					};
				};
			};
			buildConfigurationList = 5F254C401DB0681D00DA5255 /* Build configuration list for PBXProject "iOS-FFmpeg-Player" */;
			compatibilityVersion = "Xcode 3.2";
			developmentRegion = English;
			hasScannedForEncodings = 0;
			knownRegions = (
				en,
				Base,
			);
			mainGroup = 5F254C3C1DB0681D00DA5255;
			productRefGroup = 5F254C461DB0681E00DA5255 /* Products */;
			projectDirPath = "";
			projectRoot = "";
			targets = (
				5F254C441DB0681D00DA5255 /* iOS-FFmpeg-Player */,
				5F254C5D1DB0681E00DA5255 /* iOS-FFmpeg-PlayerTests */,
				5F254C681DB0681E00DA5255 /* iOS-FFmpeg-PlayerUITests */,
			);
		};
/* End PBXProject section */

/* Begin PBXResourcesBuildPhase section */
		5F254C431DB0681D00DA5255 /* Resources */ = {
			isa = PBXResourcesBuildPhase;
			buildActionMask = 2147483647;
			files = (
				5F254C581DB0681E00DA5255 /* LaunchScreen.storyboard in Resources */,
				5F254C551DB0681E00DA5255 /* Assets.xcassets in Resources */,
				5F254C531DB0681E00DA5255 /* Main.storyboard in Resources */,
			);
			runOnlyForDeploymentPostprocessing = 0;
		};
		5F254C5C1DB0681E00DA5255 /* Resources */ = {
			isa = PBXResourcesBuildPhase;
			buildActionMask = 2147483647;
			files = (
			);
			runOnlyForDeploymentPostprocessing = 0;
		};
		5F254C671DB0681E00DA5255 /* Resources */ = {
			isa = PBXResourcesBuildPhase;
			buildActionMask = 2147483647;
			files = (
			);
			runOnlyForDeploymentPostprocessing = 0;
		};
/* End PBXResourcesBuildPhase section */

/* Begin PBXSourcesBuildPhase section */
		5F254C411DB0681D00DA5255 /* Sources */ = {
			isa = PBXSourcesBuildPhase;
			buildActionMask = 2147483647;
			files = (
				5F254C501DB0681E00DA5255 /* ViewController.m in Sources */,
				5F254C4D1DB0681E00DA5255 /* AppDelegate.m in Sources */,
				5F254C4A1DB0681E00DA5255 /* main.m in Sources */,
			);
			runOnlyForDeploymentPostprocessing = 0;
		};
		5F254C5A1DB0681E00DA5255 /* Sources */ = {
			isa = PBXSourcesBuildPhase;
			buildActionMask = 2147483647;
			files = (
				5F254C631DB0681E00DA5255 /* iOS_FFmpeg_PlayerTests.m in Sources */,
			);
			runOnlyForDeploymentPostprocessing = 0;
		};
		5F254C651DB0681E00DA5255 /* Sources */ = {
			isa = PBXSourcesBuildPhase;
			buildActionMask = 2147483647;
			files = (
				5F254C6E1DB0681E00DA5255 /* iOS_FFmpeg_PlayerUITests.m in Sources */,
			);
			runOnlyForDeploymentPostprocessing = 0;
		};
/* End PBXSourcesBuildPhase section */

/* Begin PBXTargetDependency section */
		5F254C601DB0681E00DA5255 /* PBXTargetDependency */ = {
			isa = PBXTargetDependency;
			target = 5F254C441DB0681D00DA5255 /* iOS-FFmpeg-Player */;
			targetProxy = 5F254C5F1DB0681E00DA5255 /* PBXContainerItemProxy */;
		};
		5F254C6B1DB0681E00DA5255 /* PBXTargetDependency */ = {
			isa = PBXTargetDependency;
			target = 5F254C441DB0681D00DA5255 /* iOS-FFmpeg-Player */;
			targetProxy = 5F254C6A1DB0681E00DA5255 /* PBXContainerItemProxy */;
		};
/* End PBXTargetDependency section */

/* Begin PBXVariantGroup section */
		5F254C511DB0681E00DA5255 /* Main.storyboard */ = {
			isa = PBXVariantGroup;
			children = (
				5F254C521DB0681E00DA5255 /* Base */,
			);
			name = Main.storyboard;
			sourceTree = "<group>";
		};
		5F254C561DB0681E00DA5255 /* LaunchScreen.storyboard */ = {
			isa = PBXVariantGroup;
			children = (
				5F254C571DB0681E00DA5255 /* Base */,
			);
			name = LaunchScreen.storyboard;
			sourceTree = "<group>";
		};
/* End PBXVariantGroup section */

/* Begin XCBuildConfiguration section */
		5F254C701DB0681E00DA5255 /* Debug */ = {
			isa = XCBuildConfiguration;
			buildSettings = {
				ALWAYS_SEARCH_USER_PATHS = NO;
				CLANG_ANALYZER_NONNULL = YES;
				CLANG_CXX_LANGUAGE_STANDARD = "gnu++0x";
				CLANG_CXX_LIBRARY = "libc++";
				CLANG_ENABLE_MODULES = YES;
				CLANG_ENABLE_OBJC_ARC = YES;
				CLANG_WARN_BOOL_CONVERSION = YES;
				CLANG_WARN_CONSTANT_CONVERSION = YES;
				CLANG_WARN_DIRECT_OBJC_ISA_USAGE = YES_ERROR;
				CLANG_WARN_DOCUMENTATION_COMMENTS = YES;
				CLANG_WARN_EMPTY_BODY = YES;
				CLANG_WARN_ENUM_CONVERSION = YES;
				CLANG_WARN_INFINITE_RECURSION = YES;
				CLANG_WARN_INT_CONVERSION = YES;
				CLANG_WARN_OBJC_ROOT_CLASS = YES_ERROR;
				CLANG_WARN_SUSPICIOUS_MOVES = YES;
				CLANG_WARN_UNREACHABLE_CODE = YES;
				CLANG_WARN__DUPLICATE_METHOD_MATCH = YES;
				"CODE_SIGN_IDENTITY[sdk=iphoneos*]" = "iPhone Developer";
				COPY_PHASE_STRIP = NO;
				DEBUG_INFORMATION_FORMAT = dwarf;
				ENABLE_STRICT_OBJC_MSGSEND = YES;
				ENABLE_TESTABILITY = YES;
				GCC_C_LANGUAGE_STANDARD = gnu99;
				GCC_DYNAMIC_NO_PIC = NO;
				GCC_NO_COMMON_BLOCKS = YES;
				GCC_OPTIMIZATION_LEVEL = 0;
				GCC_PREPROCESSOR_DEFINITIONS = (
					"DEBUG=1",
					"$(inherited)",
				);
				GCC_WARN_64_TO_32_BIT_CONVERSION = YES;
				GCC_WARN_ABOUT_RETURN_TYPE = YES_ERROR;
				GCC_WARN_UNDECLARED_SELECTOR = YES;
				GCC_WARN_UNINITIALIZED_AUTOS = YES_AGGRESSIVE;
				GCC_WARN_UNUSED_FUNCTION = YES;
				GCC_WARN_UNUSED_VARIABLE = YES;
				IPHONEOS_DEPLOYMENT_TARGET = 10.0;
				MTL_ENABLE_DEBUG_INFO = YES;
				ONLY_ACTIVE_ARCH = YES;
				SDKROOT = iphoneos;
				TARGETED_DEVICE_FAMILY = "1,2";
			};
			name = Debug;
		};
		5F254C711DB0681E00DA5255 /* Release */ = {
			isa = XCBuildConfiguration;
			buildSettings = {
				ALWAYS_SEARCH_USER_PATHS = NO;
				CLANG_ANALYZER_NONNULL = YES;
				CLANG_CXX_LANGUAGE_STANDARD = "gnu++0x";
				CLANG_CXX_LIBRARY = "libc++";
				CLANG_ENABLE_MODULES = YES;
				CLANG_ENABLE_OBJC_ARC = YES;
				CLANG_WARN_BOOL_CONVERSION = YES;
				CLANG_WARN_CONSTANT_CONVERSION = YES;
				CLANG_WARN_DIRECT_OBJC_ISA_USAGE = YES_ERROR;
				CLANG_WARN_DOCUMENTATION_COMMENTS = YES;
				CLANG_WARN_EMPTY_BODY = YES;
				CLANG_WARN_ENUM_CONVERSION = YES;
				CLANG_WARN_INFINITE_RECURSION = YES;
				CLANG_WARN_INT_CONVERSION = YES;
				CLANG_WARN_OBJC_ROOT_CLASS = YES_ERROR;
				CLANG_WARN_SUSPICIOUS_MOVES = YES;
				CLANG_WARN_UNREACHABLE_CODE = YES;
				CLANG_WARN__DUPLICATE_METHOD_MATCH = YES;
				"CODE_SIGN_IDENTITY[sdk=iphoneos*]" = "iPhone Developer";
				COPY_PHASE_STRIP = NO;
				DEBUG_INFORMATION_FORMAT = "dwarf-with-dsym";
				ENABLE_NS_ASSERTIONS = NO;
				ENABLE_STRICT_OBJC_MSGSEND = YES;
				GCC_C_LANGUAGE_STANDARD = gnu99;
				GCC_NO_COMMON_BLOCKS = YES;
				GCC_WARN_64_TO_32_BIT_CONVERSION = YES;
				GCC_WARN_ABOUT_RETURN_TYPE = YES_ERROR;
				GCC_WARN_UNDECLARED_SELECTOR = YES;
				GCC_WARN_UNINITIALIZED_AUTOS = YES_AGGRESSIVE;
				GCC_WARN_UNUSED_FUNCTION = YES;
				GCC_WARN_UNUSED_VARIABLE = YES;
				IPHONEOS_DEPLOYMENT_TARGET = 10.0;
				MTL_ENABLE_DEBUG_INFO = NO;
				SDKROOT = iphoneos;
				TARGETED_DEVICE_FAMILY = "1,2";
				VALIDATE_PRODUCT = YES;
			};
			name = Release;
		};
		5F254C731DB0681E00DA5255 /* Debug */ = {
			isa = XCBuildConfiguration;
			buildSettings = {
				ASSETCATALOG_COMPILER_APPICON_NAME = AppIcon;
				DEVELOPMENT_TEAM = 9N6375B547;
				INFOPLIST_FILE = "iOS-FFmpeg-Player/Info.plist";
				LD_RUNPATH_SEARCH_PATHS = "$(inherited) @executable_path/Frameworks";
				PRODUCT_BUNDLE_IDENTIFIER = "harman.iOS-FFmpeg-Player";
				PRODUCT_NAME = "$(TARGET_NAME)";
			};
			name = Debug;
		};
		5F254C741DB0681E00DA5255 /* Release */ = {
			isa = XCBuildConfiguration;
			buildSettings = {
				ASSETCATALOG_COMPILER_APPICON_NAME = AppIcon;
				DEVELOPMENT_TEAM = 9N6375B547;
				INFOPLIST_FILE = "iOS-FFmpeg-Player/Info.plist";
				LD_RUNPATH_SEARCH_PATHS = "$(inherited) @executable_path/Frameworks";
				PRODUCT_BUNDLE_IDENTIFIER = "harman.iOS-FFmpeg-Player";
				PRODUCT_NAME = "$(TARGET_NAME)";
			};
			name = Release;
		};
		5F254C761DB0681E00DA5255 /* Debug */ = {
			isa = XCBuildConfiguration;
			buildSettings = {
				BUNDLE_LOADER = "$(TEST_HOST)";
				DEVELOPMENT_TEAM = 9N6375B547;
				INFOPLIST_FILE = "iOS-FFmpeg-PlayerTests/Info.plist";
				LD_RUNPATH_SEARCH_PATHS = "$(inherited) @executable_path/Frameworks @loader_path/Frameworks";
				PRODUCT_BUNDLE_IDENTIFIER = "harman.iOS-FFmpeg-PlayerTests";
				PRODUCT_NAME = "$(TARGET_NAME)";
				TEST_HOST = "$(BUILT_PRODUCTS_DIR)/iOS-FFmpeg-Player.app/iOS-FFmpeg-Player";
			};
			name = Debug;
		};
		5F254C771DB0681E00DA5255 /* Release */ = {
			isa = XCBuildConfiguration;
			buildSettings = {
				BUNDLE_LOADER = "$(TEST_HOST)";
				DEVELOPMENT_TEAM = 9N6375B547;
				INFOPLIST_FILE = "iOS-FFmpeg-PlayerTests/Info.plist";
				LD_RUNPATH_SEARCH_PATHS = "$(inherited) @executable_path/Frameworks @loader_path/Frameworks";
				PRODUCT_BUNDLE_IDENTIFIER = "harman.iOS-FFmpeg-PlayerTests";
				PRODUCT_NAME = "$(TARGET_NAME)";
				TEST_HOST = "$(BUILT_PRODUCTS_DIR)/iOS-FFmpeg-Player.app/iOS-FFmpeg-Player";
			};
			name = Release;
		};
		5F254C791DB0681E00DA5255 /* Debug */ = {
			isa = XCBuildConfiguration;
			buildSettings = {
				DEVELOPMENT_TEAM = 9N6375B547;
				INFOPLIST_FILE = "iOS-FFmpeg-PlayerUITests/Info.plist";
				LD_RUNPATH_SEARCH_PATHS = "$(inherited) @executable_path/Frameworks @loader_path/Frameworks";
				PRODUCT_BUNDLE_IDENTIFIER = "harman.iOS-FFmpeg-PlayerUITests";
				PRODUCT_NAME = "$(TARGET_NAME)";
				TEST_TARGET_NAME = "iOS-FFmpeg-Player";
			};
			name = Debug;
		};
		5F254C7A1DB0681E00DA5255 /* Release */ = {
			isa = XCBuildConfiguration;
			buildSettings = {
				DEVELOPMENT_TEAM = 9N6375B547;
				INFOPLIST_FILE = "iOS-FFmpeg-PlayerUITests/Info.plist";
				LD_RUNPATH_SEARCH_PATHS = "$(inherited) @executable_path/Frameworks @loader_path/Frameworks";
				PRODUCT_BUNDLE_IDENTIFIER = "harman.iOS-FFmpeg-PlayerUITests";
				PRODUCT_NAME = "$(TARGET_NAME)";
				TEST_TARGET_NAME = "iOS-FFmpeg-Player";
			};
			name = Release;
		};
/* End XCBuildConfiguration section */

/* Begin XCConfigurationList section */
		5F254C401DB0681D00DA5255 /* Build configuration list for PBXProject "iOS-FFmpeg-Player" */ = {
			isa = XCConfigurationList;
			buildConfigurations = (
				5F254C701DB0681E00DA5255 /* Debug */,
				5F254C711DB0681E00DA5255 /* Release */,
			);
			defaultConfigurationIsVisible = 0;
			defaultConfigurationName = Release;
		};
		5F254C721DB0681E00DA5255 /* Build configuration list for PBXNativeTarget "iOS-FFmpeg-Player" */ = {
			isa = XCConfigurationList;
			buildConfigurations = (
				5F254C731DB0681E00DA5255 /* Debug */,
				5F254C741DB0681E00DA5255 /* Release */,
			);
			defaultConfigurationIsVisible = 0;
		};
		5F254C751DB0681E00DA5255 /* Build configuration list for PBXNativeTarget "iOS-FFmpeg-PlayerTests" */ = {
			isa = XCConfigurationList;
			buildConfigurations = (
				5F254C761DB0681E00DA5255 /* Debug */,
				5F254C771DB0681E00DA5255 /* Release */,
			);
			defaultConfigurationIsVisible = 0;
		};
		5F254C781DB0681E00DA5255 /* Build configuration list for PBXNativeTarget "iOS-FFmpeg-PlayerUITests" */ = {
			isa = XCConfigurationList;
			buildConfigurations = (
				5F254C791DB0681E00DA5255 /* Debug */,
				5F254C7A1DB0681E00DA5255 /* Release */,
			);
			defaultConfigurationIsVisible = 0;
		};
/* End XCConfigurationList section */
	};
	rootObject = 5F254C3D1DB0681D00DA5255 /* Project object */;
}
